// !$*UTF8*$!
{
	archiveVersion = 1;
	classes = {
	};
	objectVersion = 77;
	objects = {

/* Begin PBXBuildFile section */
		7C1341BE2F450247006F95DC /* MyBooksView.swift in Sources */ = {isa = PBXBuildFile; fileRef = 7C1341BD2F450247006F95DC /* MyBooksView.swift */; };
		7C1341D32F450AFD006F95DC /* SearchResponse.swift in Sources */ = {isa = PBXBuildFile; fileRef = 7C1341D22F450AF8006F95DC /* SearchResponse.swift */; };
		7C1341D52F450BF3006F95DC /* SearchRequest.swift in Sources */ = {isa = PBXBuildFile; fileRef = 7C1341D42F450BEF006F95DC /* SearchRequest.swift */; };
		7C5E9B1A2F4A0F28006A0814 /* Coordinator.swift in Sources */ = {isa = PBXBuildFile; fileRef = 7C5E9B192F4A0F23006A0814 /* Coordinator.swift */; };
		7C5E9B1C2F4A103B006A0814 /* ContentView.swift in Sources */ = {isa = PBXBuildFile; fileRef = 7C5E9B1B2F4A1031006A0814 /* ContentView.swift */; };
		7C6CB5562F2F935E00D4AD89 /* GenreResponse.swift in Sources */ = {isa = PBXBuildFile; fileRef = 7C6CB5532F2F908C00D4AD89 /* GenreResponse.swift */; };
		7C6CB5582F2F97AC00D4AD89 /* BookDetailViewModel.swift in Sources */ = {isa = PBXBuildFile; fileRef = 7C6CB5572F2F97A800D4AD89 /* BookDetailViewModel.swift */; };
		7C77BB4B2F2E76480079ACAD /* Localizable.xcstrings in Resources */ = {isa = PBXBuildFile; fileRef = 7C77BB4A2F2E76480079ACAD /* Localizable.xcstrings */; };
		7C77BB4D2F2E8A5D0079ACAD /* BookRequest.swift in Sources */ = {isa = PBXBuildFile; fileRef = 7C77BB4C2F2E8A520079ACAD /* BookRequest.swift */; };
		7C8048FA2F2D437E00C50310 /* SearchView.swift in Sources */ = {isa = PBXBuildFile; fileRef = 7C8048F92F2D437A00C50310 /* SearchView.swift */; };
		7C80490F2F2D441A00C50310 /* BookDetailView.swift in Sources */ = {isa = PBXBuildFile; fileRef = 7C80490E2F2D441100C50310 /* BookDetailView.swift */; };
		7C8B39762F45138100A11CF4 /* SearchService.swift in Sources */ = {isa = PBXBuildFile; fileRef = 7C8B39752F45138100A11CF4 /* SearchService.swift */; };
		7C8B397A2F45151600A11CF4 /* SearchRepository.swift in Sources */ = {isa = PBXBuildFile; fileRef = 7C8B39792F45151000A11CF4 /* SearchRepository.swift */; };
		7C8B397C2F45165200A11CF4 /* SearchRepositoryImpl.swift in Sources */ = {isa = PBXBuildFile; fileRef = 7C8B397B2F45164800A11CF4 /* SearchRepositoryImpl.swift */; };
		7C8B397E2F4517B800A11CF4 /* SearchViewModel.swift in Sources */ = {isa = PBXBuildFile; fileRef = 7C8B397D2F4517AE00A11CF4 /* SearchViewModel.swift */; };
		7C8E7D242F02D28A00B81B6F /* FileManagerStorage.swift in Sources */ = {isa = PBXBuildFile; fileRef = 7C320D082F02CA7F00BBBFD5 /* FileManagerStorage.swift */; };
		7C8E7D252F02D28A00B81B6F /* LocalStorage.swift in Sources */ = {isa = PBXBuildFile; fileRef = 7C320D092F02CA7F00BBBFD5 /* LocalStorage.swift */; };
		7C8E7D262F02D28A00B81B6F /* HttpClient.swift in Sources */ = {isa = PBXBuildFile; fileRef = 7C320D0B2F02CA7F00BBBFD5 /* HttpClient.swift */; };
		7C8E7D272F02D28A00B81B6F /* NetworkError.swift in Sources */ = {isa = PBXBuildFile; fileRef = 7C320D0C2F02CA7F00BBBFD5 /* NetworkError.swift */; };
		7C8E7D282F02D28A00B81B6F /* URLSessionClient.swift in Sources */ = {isa = PBXBuildFile; fileRef = 7C320D0D2F02CA7F00BBBFD5 /* URLSessionClient.swift */; };
		7C8E7D292F02D28A00B81B6F /* GenreRepositoryImpl.swift in Sources */ = {isa = PBXBuildFile; fileRef = 7C320D0F2F02CA7F00BBBFD5 /* GenreRepositoryImpl.swift */; };
		7C8E7D2A2F02D28A00B81B6F /* GenreRequest.swift in Sources */ = {isa = PBXBuildFile; fileRef = 7C320D112F02CA7F00BBBFD5 /* GenreRequest.swift */; };
		7C8E7D2B2F02D28A00B81B6F /* GenreService.swift in Sources */ = {isa = PBXBuildFile; fileRef = 7C320D122F02CA7F00BBBFD5 /* GenreService.swift */; };
		7C8E7D2C2F02D28A00B81B6F /* Request.swift in Sources */ = {isa = PBXBuildFile; fileRef = 7C320D132F02CA7F00BBBFD5 /* Request.swift */; };
		7C8E7D2D2F02D28A00B81B6F /* Book.swift in Sources */ = {isa = PBXBuildFile; fileRef = 7C320D162F02CA7F00BBBFD5 /* Book.swift */; };
		7C8E7D2E2F02D28A00B81B6F /* GenreRepository.swift in Sources */ = {isa = PBXBuildFile; fileRef = 7C320D172F02CA7F00BBBFD5 /* GenreRepository.swift */; };
		7C8E7D2F2F02D28A00B81B6F /* Genre.swift in Sources */ = {isa = PBXBuildFile; fileRef = 7C320D182F02CA7F00BBBFD5 /* Genre.swift */; };
		7C8E7D302F02D28A00B81B6F /* BooksListView.swift in Sources */ = {isa = PBXBuildFile; fileRef = 7C320D1A2F02CA7F00BBBFD5 /* BooksListView.swift */; };
		7C8E7D312F02D28A00B81B6F /* BooksListViewModel.swift in Sources */ = {isa = PBXBuildFile; fileRef = 7C320D1B2F02CA7F00BBBFD5 /* BooksListViewModel.swift */; };
		7C8E7D332F02D28A00B81B6F /* OpenLibraryApp.swift in Sources */ = {isa = PBXBuildFile; fileRef = 7C320D1F2F02CA7F00BBBFD5 /* OpenLibraryApp.swift */; };
		7C8E7D342F02D2A300B81B6F /* BooksRepositoryTests.swift in Sources */ = {isa = PBXBuildFile; fileRef = 7C320D212F02CA7F00BBBFD5 /* BooksRepositoryTests.swift */; };
		7C8E7D352F02D2A300B81B6F /* BooksViewModelTests.swift in Sources */ = {isa = PBXBuildFile; fileRef = 7C320D232F02CA7F00BBBFD5 /* BooksViewModelTests.swift */; };
		7C8E7D362F02D2AB00B81B6F /* OpenLibraryUITests.swift in Sources */ = {isa = PBXBuildFile; fileRef = 7C320D252F02CA7F00BBBFD5 /* OpenLibraryUITests.swift */; };
		7C8E7D372F02D2AB00B81B6F /* OpenLibraryUITestsLaunchTests.swift in Sources */ = {isa = PBXBuildFile; fileRef = 7C320D262F02CA7F00BBBFD5 /* OpenLibraryUITestsLaunchTests.swift */; };
		7C8E7D382F02D2B900B81B6F /* BooksSampleResponse.json in Resources */ = {isa = PBXBuildFile; fileRef = 7C320D222F02CA7F00BBBFD5 /* BooksSampleResponse.json */; };
		7CB828572F05762100B35068 /* Kingfisher in Frameworks */ = {isa = PBXBuildFile; productRef = 7CB828562F05762100B35068 /* Kingfisher */; };
/* End PBXBuildFile section */

/* Begin PBXContainerItemProxy section */
		831ECB272EF5979B00C557AD /* PBXContainerItemProxy */ = {
			isa = PBXContainerItemProxy;
			containerPortal = 831ECB112EF5979900C557AD /* Project object */;
			proxyType = 1;
			remoteGlobalIDString = 831ECB182EF5979900C557AD;
			remoteInfo = SciFiLibrary;
		};
		831ECB312EF5979B00C557AD /* PBXContainerItemProxy */ = {
			isa = PBXContainerItemProxy;
			containerPortal = 831ECB112EF5979900C557AD /* Project object */;
			proxyType = 1;
			remoteGlobalIDString = 831ECB182EF5979900C557AD;
			remoteInfo = SciFiLibrary;
		};
/* End PBXContainerItemProxy section */

/* Begin PBXFileReference section */
		7C1341BD2F450247006F95DC /* MyBooksView.swift */ = {isa = PBXFileReference; lastKnownFileType = sourcecode.swift; path = MyBooksView.swift; sourceTree = "<group>"; };
		7C1341D22F450AF8006F95DC /* SearchResponse.swift */ = {isa = PBXFileReference; lastKnownFileType = sourcecode.swift; path = SearchResponse.swift; sourceTree = "<group>"; };
		7C1341D42F450BEF006F95DC /* SearchRequest.swift */ = {isa = PBXFileReference; lastKnownFileType = sourcecode.swift; path = SearchRequest.swift; sourceTree = "<group>"; };
		7C320D082F02CA7F00BBBFD5 /* FileManagerStorage.swift */ = {isa = PBXFileReference; lastKnownFileType = sourcecode.swift; path = FileManagerStorage.swift; sourceTree = "<group>"; };
		7C320D092F02CA7F00BBBFD5 /* LocalStorage.swift */ = {isa = PBXFileReference; lastKnownFileType = sourcecode.swift; path = LocalStorage.swift; sourceTree = "<group>"; };
		7C320D0B2F02CA7F00BBBFD5 /* HttpClient.swift */ = {isa = PBXFileReference; lastKnownFileType = sourcecode.swift; path = HttpClient.swift; sourceTree = "<group>"; };
		7C320D0C2F02CA7F00BBBFD5 /* NetworkError.swift */ = {isa = PBXFileReference; lastKnownFileType = sourcecode.swift; path = NetworkError.swift; sourceTree = "<group>"; };
		7C320D0D2F02CA7F00BBBFD5 /* URLSessionClient.swift */ = {isa = PBXFileReference; lastKnownFileType = sourcecode.swift; path = URLSessionClient.swift; sourceTree = "<group>"; };
		7C320D0F2F02CA7F00BBBFD5 /* GenreRepositoryImpl.swift */ = {isa = PBXFileReference; lastKnownFileType = sourcecode.swift; path = GenreRepositoryImpl.swift; sourceTree = "<group>"; };
		7C320D112F02CA7F00BBBFD5 /* GenreRequest.swift */ = {isa = PBXFileReference; lastKnownFileType = sourcecode.swift; path = GenreRequest.swift; sourceTree = "<group>"; };
		7C320D122F02CA7F00BBBFD5 /* GenreService.swift */ = {isa = PBXFileReference; lastKnownFileType = sourcecode.swift; path = GenreService.swift; sourceTree = "<group>"; };
		7C320D132F02CA7F00BBBFD5 /* Request.swift */ = {isa = PBXFileReference; lastKnownFileType = sourcecode.swift; path = Request.swift; sourceTree = "<group>"; };
		7C320D162F02CA7F00BBBFD5 /* Book.swift */ = {isa = PBXFileReference; lastKnownFileType = sourcecode.swift; path = Book.swift; sourceTree = "<group>"; };
		7C320D172F02CA7F00BBBFD5 /* GenreRepository.swift */ = {isa = PBXFileReference; lastKnownFileType = sourcecode.swift; path = GenreRepository.swift; sourceTree = "<group>"; };
		7C320D182F02CA7F00BBBFD5 /* Genre.swift */ = {isa = PBXFileReference; lastKnownFileType = sourcecode.swift; path = Genre.swift; sourceTree = "<group>"; };
		7C320D1A2F02CA7F00BBBFD5 /* BooksListView.swift */ = {isa = PBXFileReference; lastKnownFileType = sourcecode.swift; path = BooksListView.swift; sourceTree = "<group>"; };
		7C320D1B2F02CA7F00BBBFD5 /* BooksListViewModel.swift */ = {isa = PBXFileReference; lastKnownFileType = sourcecode.swift; path = BooksListViewModel.swift; sourceTree = "<group>"; };
		7C320D1E2F02CA7F00BBBFD5 /* Assets.xcassets */ = {isa = PBXFileReference; lastKnownFileType = folder.assetcatalog; path = Assets.xcassets; sourceTree = "<group>"; };
		7C320D1F2F02CA7F00BBBFD5 /* OpenLibraryApp.swift */ = {isa = PBXFileReference; lastKnownFileType = sourcecode.swift; path = OpenLibraryApp.swift; sourceTree = "<group>"; };
		7C320D212F02CA7F00BBBFD5 /* BooksRepositoryTests.swift */ = {isa = PBXFileReference; lastKnownFileType = sourcecode.swift; path = BooksRepositoryTests.swift; sourceTree = "<group>"; };
		7C320D222F02CA7F00BBBFD5 /* BooksSampleResponse.json */ = {isa = PBXFileReference; lastKnownFileType = text.json; path = BooksSampleResponse.json; sourceTree = "<group>"; };
		7C320D232F02CA7F00BBBFD5 /* BooksViewModelTests.swift */ = {isa = PBXFileReference; lastKnownFileType = sourcecode.swift; path = BooksViewModelTests.swift; sourceTree = "<group>"; };
		7C320D252F02CA7F00BBBFD5 /* OpenLibraryUITests.swift */ = {isa = PBXFileReference; lastKnownFileType = sourcecode.swift; path = OpenLibraryUITests.swift; sourceTree = "<group>"; };
		7C320D262F02CA7F00BBBFD5 /* OpenLibraryUITestsLaunchTests.swift */ = {isa = PBXFileReference; lastKnownFileType = sourcecode.swift; path = OpenLibraryUITestsLaunchTests.swift; sourceTree = "<group>"; };
		7C5E9B192F4A0F23006A0814 /* Coordinator.swift */ = {isa = PBXFileReference; lastKnownFileType = sourcecode.swift; path = Coordinator.swift; sourceTree = "<group>"; };
		7C5E9B1B2F4A1031006A0814 /* ContentView.swift */ = {isa = PBXFileReference; lastKnownFileType = sourcecode.swift; path = ContentView.swift; sourceTree = "<group>"; };
		7C6CB5532F2F908C00D4AD89 /* GenreResponse.swift */ = {isa = PBXFileReference; lastKnownFileType = sourcecode.swift; path = GenreResponse.swift; sourceTree = "<group>"; };
		7C6CB5572F2F97A800D4AD89 /* BookDetailViewModel.swift */ = {isa = PBXFileReference; lastKnownFileType = sourcecode.swift; path = BookDetailViewModel.swift; sourceTree = "<group>"; };
		7C77BB4A2F2E76480079ACAD /* Localizable.xcstrings */ = {isa = PBXFileReference; lastKnownFileType = text.json.xcstrings; path = Localizable.xcstrings; sourceTree = "<group>"; };
		7C77BB4C2F2E8A520079ACAD /* BookRequest.swift */ = {isa = PBXFileReference; lastKnownFileType = sourcecode.swift; path = BookRequest.swift; sourceTree = "<group>"; };
		7C8048F92F2D437A00C50310 /* SearchView.swift */ = {isa = PBXFileReference; lastKnownFileType = sourcecode.swift; path = SearchView.swift; sourceTree = "<group>"; };
		7C80490E2F2D441100C50310 /* BookDetailView.swift */ = {isa = PBXFileReference; lastKnownFileType = sourcecode.swift; path = BookDetailView.swift; sourceTree = "<group>"; };
		7C8B39752F45138100A11CF4 /* SearchService.swift */ = {isa = PBXFileReference; lastKnownFileType = sourcecode.swift; path = SearchService.swift; sourceTree = "<group>"; };
		7C8B39792F45151000A11CF4 /* SearchRepository.swift */ = {isa = PBXFileReference; lastKnownFileType = sourcecode.swift; path = SearchRepository.swift; sourceTree = "<group>"; };
		7C8B397B2F45164800A11CF4 /* SearchRepositoryImpl.swift */ = {isa = PBXFileReference; lastKnownFileType = sourcecode.swift; path = SearchRepositoryImpl.swift; sourceTree = "<group>"; };
		7C8B397D2F4517AE00A11CF4 /* SearchViewModel.swift */ = {isa = PBXFileReference; lastKnownFileType = sourcecode.swift; path = SearchViewModel.swift; sourceTree = "<group>"; };
		831ECB192EF5979900C557AD /* OpenLibrary.app */ = {isa = PBXFileReference; explicitFileType = wrapper.application; includeInIndex = 0; path = OpenLibrary.app; sourceTree = BUILT_PRODUCTS_DIR; };
		831ECB262EF5979B00C557AD /* OpenLibraryTests.xctest */ = {isa = PBXFileReference; explicitFileType = wrapper.cfbundle; includeInIndex = 0; path = OpenLibraryTests.xctest; sourceTree = BUILT_PRODUCTS_DIR; };
		831ECB302EF5979B00C557AD /* OpenLibraryUITests.xctest */ = {isa = PBXFileReference; explicitFileType = wrapper.cfbundle; includeInIndex = 0; path = OpenLibraryUITests.xctest; sourceTree = BUILT_PRODUCTS_DIR; };
/* End PBXFileReference section */

/* Begin PBXFrameworksBuildPhase section */
		831ECB162EF5979900C557AD /* Frameworks */ = {
			isa = PBXFrameworksBuildPhase;
			buildActionMask = 2147483647;
			files = (
				7CB828572F05762100B35068 /* Kingfisher in Frameworks */,
			);
			runOnlyForDeploymentPostprocessing = 0;
		};
		831ECB232EF5979B00C557AD /* Frameworks */ = {
			isa = PBXFrameworksBuildPhase;
			buildActionMask = 2147483647;
			files = (
			);
			runOnlyForDeploymentPostprocessing = 0;
		};
		831ECB2D2EF5979B00C557AD /* Frameworks */ = {
			isa = PBXFrameworksBuildPhase;
			buildActionMask = 2147483647;
			files = (
			);
			runOnlyForDeploymentPostprocessing = 0;
		};
/* End PBXFrameworksBuildPhase section */

/* Begin PBXGroup section */
		7C320D0A2F02CA7F00BBBFD5 /* LocalStorage */ = {
			isa = PBXGroup;
			children = (
				7C320D082F02CA7F00BBBFD5 /* FileManagerStorage.swift */,
				7C320D092F02CA7F00BBBFD5 /* LocalStorage.swift */,
			);
			path = LocalStorage;
			sourceTree = "<group>";
		};
		7C320D0E2F02CA7F00BBBFD5 /* Networking */ = {
			isa = PBXGroup;
			children = (
				7C320D0B2F02CA7F00BBBFD5 /* HttpClient.swift */,
				7C320D0C2F02CA7F00BBBFD5 /* NetworkError.swift */,
				7C320D0D2F02CA7F00BBBFD5 /* URLSessionClient.swift */,
			);
			path = Networking;
			sourceTree = "<group>";
		};
		7C320D102F02CA7F00BBBFD5 /* RepositoryImplementation */ = {
			isa = PBXGroup;
			children = (
				7C8B397B2F45164800A11CF4 /* SearchRepositoryImpl.swift */,
				7C320D0F2F02CA7F00BBBFD5 /* GenreRepositoryImpl.swift */,
			);
			path = RepositoryImplementation;
			sourceTree = "<group>";
		};
		7C320D142F02CA7F00BBBFD5 /* Services */ = {
			isa = PBXGroup;
			children = (
				7C1341D42F450BEF006F95DC /* SearchRequest.swift */,
				7C77BB4C2F2E8A520079ACAD /* BookRequest.swift */,
				7C320D112F02CA7F00BBBFD5 /* GenreRequest.swift */,
				7C320D122F02CA7F00BBBFD5 /* GenreService.swift */,
				7C320D132F02CA7F00BBBFD5 /* Request.swift */,
				7C8B39752F45138100A11CF4 /* SearchService.swift */,
			);
			path = Services;
			sourceTree = "<group>";
		};
		7C320D152F02CA7F00BBBFD5 /* Data */ = {
			isa = PBXGroup;
			children = (
				7C320D0A2F02CA7F00BBBFD5 /* LocalStorage */,
				7C320D0E2F02CA7F00BBBFD5 /* Networking */,
				7C320D102F02CA7F00BBBFD5 /* RepositoryImplementation */,
				7C320D142F02CA7F00BBBFD5 /* Services */,
			);
			path = Data;
			sourceTree = "<group>";
		};
		7C320D192F02CA7F00BBBFD5 /* Domain */ = {
			isa = PBXGroup;
			children = (
				7C6CB5552F2F926500D4AD89 /* RepositoryInterfaces */,
				7C6CB5542F2F924F00D4AD89 /* Models */,
			);
			path = Domain;
			sourceTree = "<group>";
		};
		7C320D1D2F02CA7F00BBBFD5 /* Presentation */ = {
			isa = PBXGroup;
			children = (
				7C5E9B1B2F4A1031006A0814 /* ContentView.swift */,
				7C5E9B192F4A0F23006A0814 /* Coordinator.swift */,
				7CFC17D72F47B39800A7BB67 /* MyBooks */,
				7CFC17D62F47B36600A7BB67 /* BookDetail */,
				7CFC17D52F47B35E00A7BB67 /* BooksList */,
				7CFC17D42F47B1EB00A7BB67 /* Search */,
			);
			path = Presentation;
			sourceTree = "<group>";
		};
		7C320D202F02CA7F00BBBFD5 /* OpenLibrary */ = {
			isa = PBXGroup;
			children = (
				7C320D152F02CA7F00BBBFD5 /* Data */,
				7C320D192F02CA7F00BBBFD5 /* Domain */,
				7C320D1D2F02CA7F00BBBFD5 /* Presentation */,
				7C320D1E2F02CA7F00BBBFD5 /* Assets.xcassets */,
				7C320D1F2F02CA7F00BBBFD5 /* OpenLibraryApp.swift */,
				7C77BB4A2F2E76480079ACAD /* Localizable.xcstrings */,
			);
			path = OpenLibrary;
			sourceTree = "<group>";
		};
		7C320D242F02CA7F00BBBFD5 /* OpenLibraryTests */ = {
			isa = PBXGroup;
			children = (
				7C320D212F02CA7F00BBBFD5 /* BooksRepositoryTests.swift */,
				7C320D222F02CA7F00BBBFD5 /* BooksSampleResponse.json */,
				7C320D232F02CA7F00BBBFD5 /* BooksViewModelTests.swift */,
			);
			path = OpenLibraryTests;
			sourceTree = "<group>";
		};
		7C320D272F02CA7F00BBBFD5 /* OpenLibraryUITests */ = {
			isa = PBXGroup;
			children = (
				7C320D252F02CA7F00BBBFD5 /* OpenLibraryUITests.swift */,
				7C320D262F02CA7F00BBBFD5 /* OpenLibraryUITestsLaunchTests.swift */,
			);
			path = OpenLibraryUITests;
			sourceTree = "<group>";
		};
		7C6CB5542F2F924F00D4AD89 /* Models */ = {
			isa = PBXGroup;
			children = (
				7C1341D22F450AF8006F95DC /* SearchResponse.swift */,
				7C320D162F02CA7F00BBBFD5 /* Book.swift */,
				7C6CB5532F2F908C00D4AD89 /* GenreResponse.swift */,
				7C320D182F02CA7F00BBBFD5 /* Genre.swift */,
			);
			path = Models;
			sourceTree = "<group>";
		};
		7C6CB5552F2F926500D4AD89 /* RepositoryInterfaces */ = {
			isa = PBXGroup;
			children = (
				7C8B39792F45151000A11CF4 /* SearchRepository.swift */,
				7C320D172F02CA7F00BBBFD5 /* GenreRepository.swift */,
			);
			path = RepositoryInterfaces;
			sourceTree = "<group>";
		};
		7CFC17D42F47B1EB00A7BB67 /* Search */ = {
			isa = PBXGroup;
			children = (
				7C8048F92F2D437A00C50310 /* SearchView.swift */,
				7C8B397D2F4517AE00A11CF4 /* SearchViewModel.swift */,
			);
			path = Search;
			sourceTree = "<group>";
		};
		7CFC17D52F47B35E00A7BB67 /* BooksList */ = {
			isa = PBXGroup;
			children = (
				7C320D1A2F02CA7F00BBBFD5 /* BooksListView.swift */,
				7C320D1B2F02CA7F00BBBFD5 /* BooksListViewModel.swift */,
			);
			path = BooksList;
			sourceTree = "<group>";
		};
		7CFC17D62F47B36600A7BB67 /* BookDetail */ = {
			isa = PBXGroup;
			children = (
				7C80490E2F2D441100C50310 /* BookDetailView.swift */,
				7C6CB5572F2F97A800D4AD89 /* BookDetailViewModel.swift */,
			);
			path = BookDetail;
			sourceTree = "<group>";
		};
		7CFC17D72F47B39800A7BB67 /* MyBooks */ = {
			isa = PBXGroup;
			children = (
				7C1341BD2F450247006F95DC /* MyBooksView.swift */,
			);
			path = MyBooks;
			sourceTree = "<group>";
		};
		831ECB102EF5979900C557AD = {
			isa = PBXGroup;
			children = (
				7C320D202F02CA7F00BBBFD5 /* OpenLibrary */,
				7C320D242F02CA7F00BBBFD5 /* OpenLibraryTests */,
				7C320D272F02CA7F00BBBFD5 /* OpenLibraryUITests */,
				831ECB1A2EF5979900C557AD /* Products */,
			);
			sourceTree = "<group>";
		};
		831ECB1A2EF5979900C557AD /* Products */ = {
			isa = PBXGroup;
			children = (
				831ECB192EF5979900C557AD /* OpenLibrary.app */,
				831ECB262EF5979B00C557AD /* OpenLibraryTests.xctest */,
				831ECB302EF5979B00C557AD /* OpenLibraryUITests.xctest */,
			);
			name = Products;
			sourceTree = "<group>";
		};
/* End PBXGroup section */

/* Begin PBXNativeTarget section */
		831ECB182EF5979900C557AD /* OpenLibrary */ = {
			isa = PBXNativeTarget;
			buildConfigurationList = 831ECB3A2EF5979B00C557AD /* Build configuration list for PBXNativeTarget "OpenLibrary" */;
			buildPhases = (
				831ECB152EF5979900C557AD /* Sources */,
				831ECB162EF5979900C557AD /* Frameworks */,
				831ECB172EF5979900C557AD /* Resources */,
			);
			buildRules = (
			);
			dependencies = (
				7C5E9B072F4A07AA006A0814 /* PBXTargetDependency */,
			);
			name = OpenLibrary;
			packageProductDependencies = (
				7CB828562F05762100B35068 /* Kingfisher */,
			);
			productName = SciFiLibrary;
			productReference = 831ECB192EF5979900C557AD /* OpenLibrary.app */;
			productType = "com.apple.product-type.application";
		};
		831ECB252EF5979B00C557AD /* OpenLibraryTests */ = {
			isa = PBXNativeTarget;
			buildConfigurationList = 831ECB3D2EF5979B00C557AD /* Build configuration list for PBXNativeTarget "OpenLibraryTests" */;
			buildPhases = (
				831ECB222EF5979B00C557AD /* Sources */,
				831ECB232EF5979B00C557AD /* Frameworks */,
				831ECB242EF5979B00C557AD /* Resources */,
			);
			buildRules = (
			);
			dependencies = (
				831ECB282EF5979B00C557AD /* PBXTargetDependency */,
			);
			name = OpenLibraryTests;
			packageProductDependencies = (
			);
			productName = SciFiLibraryTests;
			productReference = 831ECB262EF5979B00C557AD /* OpenLibraryTests.xctest */;
			productType = "com.apple.product-type.bundle.unit-test";
		};
		831ECB2F2EF5979B00C557AD /* OpenLibraryUITests */ = {
			isa = PBXNativeTarget;
			buildConfigurationList = 831ECB402EF5979B00C557AD /* Build configuration list for PBXNativeTarget "OpenLibraryUITests" */;
			buildPhases = (
				831ECB2C2EF5979B00C557AD /* Sources */,
				831ECB2D2EF5979B00C557AD /* Frameworks */,
				831ECB2E2EF5979B00C557AD /* Resources */,
			);
			buildRules = (
			);
			dependencies = (
				831ECB322EF5979B00C557AD /* PBXTargetDependency */,
			);
			name = OpenLibraryUITests;
			packageProductDependencies = (
			);
			productName = SciFiLibraryUITests;
			productReference = 831ECB302EF5979B00C557AD /* OpenLibraryUITests.xctest */;
			productType = "com.apple.product-type.bundle.ui-testing";
		};
/* End PBXNativeTarget section */

/* Begin PBXProject section */
		831ECB112EF5979900C557AD /* Project object */ = {
			isa = PBXProject;
			attributes = {
				BuildIndependentTargetsInParallel = 1;
				LastSwiftUpdateCheck = 2610;
				LastUpgradeCheck = 2620;
				TargetAttributes = {
					831ECB182EF5979900C557AD = {
						CreatedOnToolsVersion = 26.1.1;
					};
					831ECB252EF5979B00C557AD = {
						CreatedOnToolsVersion = 26.1.1;
						TestTargetID = 831ECB182EF5979900C557AD;
					};
					831ECB2F2EF5979B00C557AD = {
						CreatedOnToolsVersion = 26.1.1;
						TestTargetID = 831ECB182EF5979900C557AD;
					};
				};
			};
			buildConfigurationList = 831ECB142EF5979900C557AD /* Build configuration list for PBXProject "OpenLibrary" */;
			developmentRegion = en;
			hasScannedForEncodings = 0;
			knownRegions = (
				en,
				Base,
			);
			mainGroup = 831ECB102EF5979900C557AD;
			minimizedProjectReferenceProxies = 1;
			packageReferences = (
				7CB828552F05762100B35068 /* XCRemoteSwiftPackageReference "Kingfisher" */,
				7C5E9B052F49FDEA006A0814 /* XCRemoteSwiftPackageReference "SwiftLintPlugins" */,
			);
			preferredProjectObjectVersion = 77;
			productRefGroup = 831ECB1A2EF5979900C557AD /* Products */;
			projectDirPath = "";
			projectRoot = "";
			targets = (
				831ECB182EF5979900C557AD /* OpenLibrary */,
				831ECB252EF5979B00C557AD /* OpenLibraryTests */,
				831ECB2F2EF5979B00C557AD /* OpenLibraryUITests */,
			);
		};
/* End PBXProject section */

/* Begin PBXResourcesBuildPhase section */
		831ECB172EF5979900C557AD /* Resources */ = {
			isa = PBXResourcesBuildPhase;
			buildActionMask = 2147483647;
			files = (
				7C77BB4B2F2E76480079ACAD /* Localizable.xcstrings in Resources */,
			);
			runOnlyForDeploymentPostprocessing = 0;
		};
		831ECB242EF5979B00C557AD /* Resources */ = {
			isa = PBXResourcesBuildPhase;
			buildActionMask = 2147483647;
			files = (
			);
			runOnlyForDeploymentPostprocessing = 0;
		};
		831ECB2E2EF5979B00C557AD /* Resources */ = {
			isa = PBXResourcesBuildPhase;
			buildActionMask = 2147483647;
			files = (
				7C8E7D382F02D2B900B81B6F /* BooksSampleResponse.json in Resources */,
			);
			runOnlyForDeploymentPostprocessing = 0;
		};
/* End PBXResourcesBuildPhase section */

/* Begin PBXSourcesBuildPhase section */
		831ECB152EF5979900C557AD /* Sources */ = {
			isa = PBXSourcesBuildPhase;
			buildActionMask = 2147483647;
			files = (
				7C8E7D242F02D28A00B81B6F /* FileManagerStorage.swift in Sources */,
				7C8E7D252F02D28A00B81B6F /* LocalStorage.swift in Sources */,
				7C5E9B1A2F4A0F28006A0814 /* Coordinator.swift in Sources */,
				7C6CB5562F2F935E00D4AD89 /* GenreResponse.swift in Sources */,
				7C8E7D262F02D28A00B81B6F /* HttpClient.swift in Sources */,
				7C5E9B1C2F4A103B006A0814 /* ContentView.swift in Sources */,
				7C8E7D272F02D28A00B81B6F /* NetworkError.swift in Sources */,
				7C1341BE2F450247006F95DC /* MyBooksView.swift in Sources */,
				7C80490F2F2D441A00C50310 /* BookDetailView.swift in Sources */,
				7C8E7D282F02D28A00B81B6F /* URLSessionClient.swift in Sources */,
				7C8E7D292F02D28A00B81B6F /* GenreRepositoryImpl.swift in Sources */,
				7C77BB4D2F2E8A5D0079ACAD /* BookRequest.swift in Sources */,
				7C8048FA2F2D437E00C50310 /* SearchView.swift in Sources */,
				7C8E7D2A2F02D28A00B81B6F /* GenreRequest.swift in Sources */,
				7C8E7D2B2F02D28A00B81B6F /* GenreService.swift in Sources */,
				7C1341D52F450BF3006F95DC /* SearchRequest.swift in Sources */,
				7C8E7D2C2F02D28A00B81B6F /* Request.swift in Sources */,
				7C8E7D2D2F02D28A00B81B6F /* Book.swift in Sources */,
				7C6CB5582F2F97AC00D4AD89 /* BookDetailViewModel.swift in Sources */,
				7C8E7D2E2F02D28A00B81B6F /* GenreRepository.swift in Sources */,
				7C8E7D2F2F02D28A00B81B6F /* Genre.swift in Sources */,
				7C8B397A2F45151600A11CF4 /* SearchRepository.swift in Sources */,
				7C8E7D302F02D28A00B81B6F /* BooksListView.swift in Sources */,
				7C8E7D312F02D28A00B81B6F /* BooksListViewModel.swift in Sources */,
				7C8B397E2F4517B800A11CF4 /* SearchViewModel.swift in Sources */,
				7C8B39762F45138100A11CF4 /* SearchService.swift in Sources */,
				7C1341D32F450AFD006F95DC /* SearchResponse.swift in Sources */,
				7C8E7D332F02D28A00B81B6F /* OpenLibraryApp.swift in Sources */,
				7C8B397C2F45165200A11CF4 /* SearchRepositoryImpl.swift in Sources */,
			);
			runOnlyForDeploymentPostprocessing = 0;
		};
		831ECB222EF5979B00C557AD /* Sources */ = {
			isa = PBXSourcesBuildPhase;
			buildActionMask = 2147483647;
			files = (
				7C8E7D342F02D2A300B81B6F /* BooksRepositoryTests.swift in Sources */,
				7C8E7D352F02D2A300B81B6F /* BooksViewModelTests.swift in Sources */,
			);
			runOnlyForDeploymentPostprocessing = 0;
		};
		831ECB2C2EF5979B00C557AD /* Sources */ = {
			isa = PBXSourcesBuildPhase;
			buildActionMask = 2147483647;
			files = (
				7C8E7D362F02D2AB00B81B6F /* OpenLibraryUITests.swift in Sources */,
				7C8E7D372F02D2AB00B81B6F /* OpenLibraryUITestsLaunchTests.swift in Sources */,
			);
			runOnlyForDeploymentPostprocessing = 0;
		};
/* End PBXSourcesBuildPhase section */

/* Begin PBXTargetDependency section */
		7C5E9B072F4A07AA006A0814 /* PBXTargetDependency */ = {
			isa = PBXTargetDependency;
			productRef = 7C5E9B062F4A07AA006A0814 /* SwiftLintBuildToolPlugin */;
		};
		831ECB282EF5979B00C557AD /* PBXTargetDependency */ = {
			isa = PBXTargetDependency;
			target = 831ECB182EF5979900C557AD /* OpenLibrary */;
			targetProxy = 831ECB272EF5979B00C557AD /* PBXContainerItemProxy */;
		};
		831ECB322EF5979B00C557AD /* PBXTargetDependency */ = {
			isa = PBXTargetDependency;
			target = 831ECB182EF5979900C557AD /* OpenLibrary */;
			targetProxy = 831ECB312EF5979B00C557AD /* PBXContainerItemProxy */;
		};
/* End PBXTargetDependency section */

/* Begin XCBuildConfiguration section */
		831ECB382EF5979B00C557AD /* Debug */ = {
			isa = XCBuildConfiguration;
			buildSettings = {
				ALWAYS_SEARCH_USER_PATHS = NO;
				ASSETCATALOG_COMPILER_GENERATE_SWIFT_ASSET_SYMBOL_EXTENSIONS = YES;
				CLANG_ANALYZER_NONNULL = YES;
				CLANG_ANALYZER_NUMBER_OBJECT_CONVERSION = YES_AGGRESSIVE;
				CLANG_CXX_LANGUAGE_STANDARD = "gnu++20";
				CLANG_ENABLE_MODULES = YES;
				CLANG_ENABLE_OBJC_ARC = YES;
				CLANG_ENABLE_OBJC_WEAK = YES;
				CLANG_WARN_BLOCK_CAPTURE_AUTORELEASING = YES;
				CLANG_WARN_BOOL_CONVERSION = YES;
				CLANG_WARN_COMMA = YES;
				CLANG_WARN_CONSTANT_CONVERSION = YES;
				CLANG_WARN_DEPRECATED_OBJC_IMPLEMENTATIONS = YES;
				CLANG_WARN_DIRECT_OBJC_ISA_USAGE = YES_ERROR;
				CLANG_WARN_DOCUMENTATION_COMMENTS = YES;
				CLANG_WARN_EMPTY_BODY = YES;
				CLANG_WARN_ENUM_CONVERSION = YES;
				CLANG_WARN_INFINITE_RECURSION = YES;
				CLANG_WARN_INT_CONVERSION = YES;
				CLANG_WARN_NON_LITERAL_NULL_CONVERSION = YES;
				CLANG_WARN_OBJC_IMPLICIT_RETAIN_SELF = YES;
				CLANG_WARN_OBJC_LITERAL_CONVERSION = YES;
				CLANG_WARN_OBJC_ROOT_CLASS = YES_ERROR;
				CLANG_WARN_QUOTED_INCLUDE_IN_FRAMEWORK_HEADER = YES;
				CLANG_WARN_RANGE_LOOP_ANALYSIS = YES;
				CLANG_WARN_STRICT_PROTOTYPES = YES;
				CLANG_WARN_SUSPICIOUS_MOVE = YES;
				CLANG_WARN_UNGUARDED_AVAILABILITY = YES_AGGRESSIVE;
				CLANG_WARN_UNREACHABLE_CODE = YES;
				CLANG_WARN__DUPLICATE_METHOD_MATCH = YES;
				COPY_PHASE_STRIP = NO;
				DEBUG_INFORMATION_FORMAT = dwarf;
				DEVELOPMENT_TEAM = 2F5CUZHNZT;
				ENABLE_STRICT_OBJC_MSGSEND = YES;
				ENABLE_TESTABILITY = YES;
				ENABLE_USER_SCRIPT_SANDBOXING = YES;
				GCC_C_LANGUAGE_STANDARD = gnu17;
				GCC_DYNAMIC_NO_PIC = NO;
				GCC_NO_COMMON_BLOCKS = YES;
				GCC_OPTIMIZATION_LEVEL = 0;
				GCC_PREPROCESSOR_DEFINITIONS = (
					"DEBUG=1",
					"$(inherited)",
				);
				GCC_WARN_64_TO_32_BIT_CONVERSION = YES;
				GCC_WARN_ABOUT_RETURN_TYPE = YES_ERROR;
				GCC_WARN_UNDECLARED_SELECTOR = YES;
				GCC_WARN_UNINITIALIZED_AUTOS = YES_AGGRESSIVE;
				GCC_WARN_UNUSED_FUNCTION = YES;
				GCC_WARN_UNUSED_VARIABLE = YES;
				IPHONEOS_DEPLOYMENT_TARGET = 26.1;
				LOCALIZATION_PREFERS_STRING_CATALOGS = YES;
				MTL_ENABLE_DEBUG_INFO = INCLUDE_SOURCE;
				MTL_FAST_MATH = YES;
				ONLY_ACTIVE_ARCH = YES;
				SDKROOT = iphoneos;
				STRING_CATALOG_GENERATE_SYMBOLS = YES;
				SWIFT_ACTIVE_COMPILATION_CONDITIONS = "DEBUG $(inherited)";
				SWIFT_EMIT_LOC_STRINGS = YES;
				SWIFT_OPTIMIZATION_LEVEL = "-Onone";
			};
			name = Debug;
		};
		831ECB392EF5979B00C557AD /* Release */ = {
			isa = XCBuildConfiguration;
			buildSettings = {
				ALWAYS_SEARCH_USER_PATHS = NO;
				ASSETCATALOG_COMPILER_GENERATE_SWIFT_ASSET_SYMBOL_EXTENSIONS = YES;
				CLANG_ANALYZER_NONNULL = YES;
				CLANG_ANALYZER_NUMBER_OBJECT_CONVERSION = YES_AGGRESSIVE;
				CLANG_CXX_LANGUAGE_STANDARD = "gnu++20";
				CLANG_ENABLE_MODULES = YES;
				CLANG_ENABLE_OBJC_ARC = YES;
				CLANG_ENABLE_OBJC_WEAK = YES;
				CLANG_WARN_BLOCK_CAPTURE_AUTORELEASING = YES;
				CLANG_WARN_BOOL_CONVERSION = YES;
				CLANG_WARN_COMMA = YES;
				CLANG_WARN_CONSTANT_CONVERSION = YES;
				CLANG_WARN_DEPRECATED_OBJC_IMPLEMENTATIONS = YES;
				CLANG_WARN_DIRECT_OBJC_ISA_USAGE = YES_ERROR;
				CLANG_WARN_DOCUMENTATION_COMMENTS = YES;
				CLANG_WARN_EMPTY_BODY = YES;
				CLANG_WARN_ENUM_CONVERSION = YES;
				CLANG_WARN_INFINITE_RECURSION = YES;
				CLANG_WARN_INT_CONVERSION = YES;
				CLANG_WARN_NON_LITERAL_NULL_CONVERSION = YES;
				CLANG_WARN_OBJC_IMPLICIT_RETAIN_SELF = YES;
				CLANG_WARN_OBJC_LITERAL_CONVERSION = YES;
				CLANG_WARN_OBJC_ROOT_CLASS = YES_ERROR;
				CLANG_WARN_QUOTED_INCLUDE_IN_FRAMEWORK_HEADER = YES;
				CLANG_WARN_RANGE_LOOP_ANALYSIS = YES;
				CLANG_WARN_STRICT_PROTOTYPES = YES;
				CLANG_WARN_SUSPICIOUS_MOVE = YES;
				CLANG_WARN_UNGUARDED_AVAILABILITY = YES_AGGRESSIVE;
				CLANG_WARN_UNREACHABLE_CODE = YES;
				CLANG_WARN__DUPLICATE_METHOD_MATCH = YES;
				COPY_PHASE_STRIP = NO;
				DEBUG_INFORMATION_FORMAT = "dwarf-with-dsym";
				DEVELOPMENT_TEAM = 2F5CUZHNZT;
				ENABLE_NS_ASSERTIONS = NO;
				ENABLE_STRICT_OBJC_MSGSEND = YES;
				ENABLE_USER_SCRIPT_SANDBOXING = YES;
				GCC_C_LANGUAGE_STANDARD = gnu17;
				GCC_NO_COMMON_BLOCKS = YES;
				GCC_WARN_64_TO_32_BIT_CONVERSION = YES;
				GCC_WARN_ABOUT_RETURN_TYPE = YES_ERROR;
				GCC_WARN_UNDECLARED_SELECTOR = YES;
				GCC_WARN_UNINITIALIZED_AUTOS = YES_AGGRESSIVE;
				GCC_WARN_UNUSED_FUNCTION = YES;
				GCC_WARN_UNUSED_VARIABLE = YES;
				IPHONEOS_DEPLOYMENT_TARGET = 26.1;
				LOCALIZATION_PREFERS_STRING_CATALOGS = YES;
				MTL_ENABLE_DEBUG_INFO = NO;
				MTL_FAST_MATH = YES;
				SDKROOT = iphoneos;
				STRING_CATALOG_GENERATE_SYMBOLS = YES;
				SWIFT_COMPILATION_MODE = wholemodule;
				SWIFT_EMIT_LOC_STRINGS = YES;
				VALIDATE_PRODUCT = YES;
			};
			name = Release;
		};
		831ECB3B2EF5979B00C557AD /* Debug */ = {
			isa = XCBuildConfiguration;
			buildSettings = {
				ASSETCATALOG_COMPILER_APPICON_NAME = AppIcon;
				ASSETCATALOG_COMPILER_GLOBAL_ACCENT_COLOR_NAME = AccentColor;
				CODE_SIGN_IDENTITY = "Apple Development";
				CODE_SIGN_STYLE = Automatic;
				CURRENT_PROJECT_VERSION = 1;
				DEVELOPMENT_TEAM = 2F5CUZHNZT;
				ENABLE_PREVIEWS = YES;
				GENERATE_INFOPLIST_FILE = YES;
				INFOPLIST_KEY_UIApplicationSceneManifest_Generation = YES;
				INFOPLIST_KEY_UIApplicationSupportsIndirectInputEvents = YES;
				INFOPLIST_KEY_UILaunchScreen_Generation = YES;
				INFOPLIST_KEY_UIRequiresFullScreen = YES;
				INFOPLIST_KEY_UISupportedInterfaceOrientations = UIInterfaceOrientationPortrait;
				IPHONEOS_DEPLOYMENT_TARGET = 17.6;
				LD_RUNPATH_SEARCH_PATHS = (
					"$(inherited)",
					"@executable_path/Frameworks",
				);
				MARKETING_VERSION = 1.0;
				PRODUCT_BUNDLE_IDENTIFIER = com.santagurung.SciFiLibrary;
				PRODUCT_NAME = "$(TARGET_NAME)";
				PROVISIONING_PROFILE_SPECIFIER = "";
				STRING_CATALOG_GENERATE_SYMBOLS = YES;
				SWIFT_APPROACHABLE_CONCURRENCY = YES;
				SWIFT_DEFAULT_ACTOR_ISOLATION = MainActor;
				SWIFT_EMIT_LOC_STRINGS = YES;
				SWIFT_UPCOMING_FEATURE_MEMBER_IMPORT_VISIBILITY = YES;
				SWIFT_VERSION = 5.0;
				TARGETED_DEVICE_FAMILY = "1,2";
			};
			name = Debug;
		};
		831ECB3C2EF5979B00C557AD /* Release */ = {
			isa = XCBuildConfiguration;
			buildSettings = {
				ASSETCATALOG_COMPILER_APPICON_NAME = AppIcon;
				ASSETCATALOG_COMPILER_GLOBAL_ACCENT_COLOR_NAME = AccentColor;
				CODE_SIGN_IDENTITY = "Apple Development";
				CODE_SIGN_STYLE = Automatic;
				CURRENT_PROJECT_VERSION = 1;
				DEVELOPMENT_TEAM = 2F5CUZHNZT;
				ENABLE_PREVIEWS = YES;
				GENERATE_INFOPLIST_FILE = YES;
				INFOPLIST_KEY_UIApplicationSceneManifest_Generation = YES;
				INFOPLIST_KEY_UIApplicationSupportsIndirectInputEvents = YES;
				INFOPLIST_KEY_UILaunchScreen_Generation = YES;
				INFOPLIST_KEY_UIRequiresFullScreen = YES;
				INFOPLIST_KEY_UISupportedInterfaceOrientations = UIInterfaceOrientationPortrait;
				IPHONEOS_DEPLOYMENT_TARGET = 17.6;
				LD_RUNPATH_SEARCH_PATHS = (
					"$(inherited)",
					"@executable_path/Frameworks",
				);
				MARKETING_VERSION = 1.0;
				PRODUCT_BUNDLE_IDENTIFIER = com.santagurung.SciFiLibrary;
				PRODUCT_NAME = "$(TARGET_NAME)";
				PROVISIONING_PROFILE_SPECIFIER = "";
				STRING_CATALOG_GENERATE_SYMBOLS = YES;
				SWIFT_APPROACHABLE_CONCURRENCY = YES;
				SWIFT_DEFAULT_ACTOR_ISOLATION = MainActor;
				SWIFT_EMIT_LOC_STRINGS = YES;
				SWIFT_UPCOMING_FEATURE_MEMBER_IMPORT_VISIBILITY = YES;
				SWIFT_VERSION = 5.0;
				TARGETED_DEVICE_FAMILY = "1,2";
			};
			name = Release;
		};
		831ECB3E2EF5979B00C557AD /* Debug */ = {
			isa = XCBuildConfiguration;
			buildSettings = {
				BUNDLE_LOADER = "$(TEST_HOST)";
				CODE_SIGN_STYLE = Automatic;
				CURRENT_PROJECT_VERSION = 1;
				DEVELOPMENT_TEAM = 2F5CUZHNZT;
				GENERATE_INFOPLIST_FILE = YES;
				IPHONEOS_DEPLOYMENT_TARGET = 17.6;
				MARKETING_VERSION = 1.0;
				PRODUCT_BUNDLE_IDENTIFIER = com.santagurung.SciFiLibraryTests;
				PRODUCT_NAME = "$(TARGET_NAME)";
				STRING_CATALOG_GENERATE_SYMBOLS = NO;
				SWIFT_APPROACHABLE_CONCURRENCY = YES;
				SWIFT_EMIT_LOC_STRINGS = NO;
				SWIFT_UPCOMING_FEATURE_MEMBER_IMPORT_VISIBILITY = YES;
				SWIFT_VERSION = 5.0;
				TARGETED_DEVICE_FAMILY = "1,2";
				TEST_HOST = "$(BUILT_PRODUCTS_DIR)/OpenLibrary.app/$(BUNDLE_EXECUTABLE_FOLDER_PATH)/OpenLibrary";
			};
			name = Debug;
		};
		831ECB3F2EF5979B00C557AD /* Release */ = {
			isa = XCBuildConfiguration;
			buildSettings = {
				BUNDLE_LOADER = "$(TEST_HOST)";
				CODE_SIGN_STYLE = Automatic;
				CURRENT_PROJECT_VERSION = 1;
				DEVELOPMENT_TEAM = 2F5CUZHNZT;
				GENERATE_INFOPLIST_FILE = YES;
				IPHONEOS_DEPLOYMENT_TARGET = 17.6;
				MARKETING_VERSION = 1.0;
				PRODUCT_BUNDLE_IDENTIFIER = com.santagurung.SciFiLibraryTests;
				PRODUCT_NAME = "$(TARGET_NAME)";
				STRING_CATALOG_GENERATE_SYMBOLS = NO;
				SWIFT_APPROACHABLE_CONCURRENCY = YES;
				SWIFT_EMIT_LOC_STRINGS = NO;
				SWIFT_UPCOMING_FEATURE_MEMBER_IMPORT_VISIBILITY = YES;
				SWIFT_VERSION = 5.0;
				TARGETED_DEVICE_FAMILY = "1,2";
				TEST_HOST = "$(BUILT_PRODUCTS_DIR)/OpenLibrary.app/$(BUNDLE_EXECUTABLE_FOLDER_PATH)/OpenLibrary";
			};
			name = Release;
		};
		831ECB412EF5979B00C557AD /* Debug */ = {
			isa = XCBuildConfiguration;
			buildSettings = {
				CODE_SIGN_STYLE = Automatic;
				CURRENT_PROJECT_VERSION = 1;
				DEVELOPMENT_TEAM = 2F5CUZHNZT;
				GENERATE_INFOPLIST_FILE = YES;
				IPHONEOS_DEPLOYMENT_TARGET = 17.6;
				MARKETING_VERSION = 1.0;
				PRODUCT_BUNDLE_IDENTIFIER = com.santagurung.SciFiLibraryUITests;
				PRODUCT_NAME = "$(TARGET_NAME)";
				STRING_CATALOG_GENERATE_SYMBOLS = NO;
				SWIFT_APPROACHABLE_CONCURRENCY = YES;
				SWIFT_EMIT_LOC_STRINGS = NO;
				SWIFT_UPCOMING_FEATURE_MEMBER_IMPORT_VISIBILITY = YES;
				SWIFT_VERSION = 5.0;
				TARGETED_DEVICE_FAMILY = "1,2";
				TEST_TARGET_NAME = SciFiLibrary;
			};
			name = Debug;
		};
		831ECB422EF5979B00C557AD /* Release */ = {
			isa = XCBuildConfiguration;
			buildSettings = {
				CODE_SIGN_STYLE = Automatic;
				CURRENT_PROJECT_VERSION = 1;
				DEVELOPMENT_TEAM = 2F5CUZHNZT;
				GENERATE_INFOPLIST_FILE = YES;
				IPHONEOS_DEPLOYMENT_TARGET = 17.6;
				MARKETING_VERSION = 1.0;
				PRODUCT_BUNDLE_IDENTIFIER = com.santagurung.SciFiLibraryUITests;
				PRODUCT_NAME = "$(TARGET_NAME)";
				STRING_CATALOG_GENERATE_SYMBOLS = NO;
				SWIFT_APPROACHABLE_CONCURRENCY = YES;
				SWIFT_EMIT_LOC_STRINGS = NO;
				SWIFT_UPCOMING_FEATURE_MEMBER_IMPORT_VISIBILITY = YES;
				SWIFT_VERSION = 5.0;
				TARGETED_DEVICE_FAMILY = "1,2";
				TEST_TARGET_NAME = SciFiLibrary;
			};
			name = Release;
		};
/* End XCBuildConfiguration section */

/* Begin XCConfigurationList section */
		831ECB142EF5979900C557AD /* Build configuration list for PBXProject "OpenLibrary" */ = {
			isa = XCConfigurationList;
			buildConfigurations = (
				831ECB382EF5979B00C557AD /* Debug */,
				831ECB392EF5979B00C557AD /* Release */,
			);
			defaultConfigurationIsVisible = 0;
			defaultConfigurationName = Release;
		};
		831ECB3A2EF5979B00C557AD /* Build configuration list for PBXNativeTarget "OpenLibrary" */ = {
			isa = XCConfigurationList;
			buildConfigurations = (
				831ECB3B2EF5979B00C557AD /* Debug */,
				831ECB3C2EF5979B00C557AD /* Release */,
			);
			defaultConfigurationIsVisible = 0;
			defaultConfigurationName = Release;
		};
		831ECB3D2EF5979B00C557AD /* Build configuration list for PBXNativeTarget "OpenLibraryTests" */ = {
			isa = XCConfigurationList;
			buildConfigurations = (
				831ECB3E2EF5979B00C557AD /* Debug */,
				831ECB3F2EF5979B00C557AD /* Release */,
			);
			defaultConfigurationIsVisible = 0;
			defaultConfigurationName = Release;
		};
		831ECB402EF5979B00C557AD /* Build configuration list for PBXNativeTarget "OpenLibraryUITests" */ = {
			isa = XCConfigurationList;
			buildConfigurations = (
				831ECB412EF5979B00C557AD /* Debug */,
				831ECB422EF5979B00C557AD /* Release */,
			);
			defaultConfigurationIsVisible = 0;
			defaultConfigurationName = Release;
		};
/* End XCConfigurationList section */

/* Begin XCRemoteSwiftPackageReference section */
		7C5E9B052F49FDEA006A0814 /* XCRemoteSwiftPackageReference "SwiftLintPlugins" */ = {
			isa = XCRemoteSwiftPackageReference;
			repositoryURL = "https://github.com/SimplyDanny/SwiftLintPlugins";
			requirement = {
				kind = upToNextMajorVersion;
				minimumVersion = 0.63.2;
			};
		};
		7CB828552F05762100B35068 /* XCRemoteSwiftPackageReference "Kingfisher" */ = {
			isa = XCRemoteSwiftPackageReference;
			repositoryURL = "https://github.com/onevcat/Kingfisher.git";
			requirement = {
				kind = upToNextMajorVersion;
				minimumVersion = 8.6.2;
			};
		};
/* End XCRemoteSwiftPackageReference section */

/* Begin XCSwiftPackageProductDependency section */
		7C5E9B062F4A07AA006A0814 /* SwiftLintBuildToolPlugin */ = {
			isa = XCSwiftPackageProductDependency;
			package = 7C5E9B052F49FDEA006A0814 /* XCRemoteSwiftPackageReference "SwiftLintPlugins" */;
			productName = "plugin:SwiftLintBuildToolPlugin";
		};
		7CB828562F05762100B35068 /* Kingfisher */ = {
			isa = XCSwiftPackageProductDependency;
			package = 7CB828552F05762100B35068 /* XCRemoteSwiftPackageReference "Kingfisher" */;
			productName = Kingfisher;
		};
/* End XCSwiftPackageProductDependency section */
	};
	rootObject = 831ECB112EF5979900C557AD /* Project object */;
}
